
Microsoft Visual Studio Solution File, Format Version 12.00
# Visual Studio 2013
VisualStudioVersion = 12.0
MinimumVisualStudioVersion = 12.0
Project("{2150E333-8FDC-42A3-9474-1A3956D46DE8}") = "Client", "Client", "{8DC1C9C9-E7E5-441B-9A9E-B0A94DD97502}"
EndProject
Project("{2150E333-8FDC-42A3-9474-1A3956D46DE8}") = "Controller", "Controller", "{CA868038-9B20-44F4-A682-2BE18F9D81AC}"
EndProject
Project("{8BC9CEB8-8B4A-11D0-8D11-00A0C91BC942}") = "vmulticlient", "..\client\vmulticlient.vcxproj", "{331D7654-E44D-4A4E-A025-62E101B216DB}"
EndProject
Project("{8BC9CEB8-8B4A-11D0-8D11-00A0C91BC942}") = "controlvmulti", "controlvmulti.vcxproj", "{F15E8B02-6023-4EE0-BDCB-FC84B40E60E3}"
	ProjectSection(ProjectDependencies) = postProject
		{331D7654-E44D-4A4E-A025-62E101B216DB} = {331D7654-E44D-4A4E-A025-62E101B216DB}
	EndProjectSection
EndProject
Global
	GlobalSection(SolutionConfigurationPlatforms) = preSolution
		Debug|Win32 = Debug|Win32
		Release|Win32 = Release|Win32
		Debug|x64 = Debug|x64
		Release|x64 = Release|x64
	EndGlobalSection
	GlobalSection(ProjectConfigurationPlatforms) = postSolution
		{331D7654-E44D-4A4E-A025-62E101B216DB}.Debug|Win32.ActiveCfg = Debug|Win32
		{331D7654-E44D-4A4E-A025-62E101B216DB}.Debug|Win32.Build.0 = Debug|Win32
		{331D7654-E44D-4A4E-A025-62E101B216DB}.Release|Win32.ActiveCfg = Release|Win32
		{331D7654-E44D-4A4E-A025-62E101B216DB}.Release|Win32.Build.0 = Release|Win32
		{331D7654-E44D-4A4E-A025-62E101B216DB}.Debug|x64.ActiveCfg = Debug|x64
		{331D7654-E44D-4A4E-A025-62E101B216DB}.Debug|x64.Build.0 = Debug|x64
		{331D7654-E44D-4A4E-A025-62E101B216DB}.Release|x64.ActiveCfg = Release|x64
		{331D7654-E44D-4A4E-A025-62E101B216DB}.Release|x64.Build.0 = Release|x64
		{F15E8B02-6023-4EE0-BDCB-FC84B40E60E3}.Debug|Win32.ActiveCfg = Debug|Win32
		{F15E8B02-6023-4EE0-BDCB-FC84B40E60E3}.Debug|Win32.Build.0 = Debug|Win32
		{F15E8B02-6023-4EE0-BDCB-FC84B40E60E3}.Release|Win32.ActiveCfg = Release|Win32
		{F15E8B02-6023-4EE0-BDCB-FC84B40E60E3}.Release|Win32.Build.0 = Release|Win32
		{F15E8B02-6023-4EE0-BDCB-FC84B40E60E3}.Debug|x64.ActiveCfg = Debug|x64
		{F15E8B02-6023-4EE0-BDCB-FC84B40E60E3}.Debug|x64.Build.0 = Debug|x64
		{F15E8B02-6023-4EE0-BDCB-FC84B40E60E3}.Release|x64.ActiveCfg = Release|x64
		{F15E8B02-6023-4EE0-BDCB-FC84B40E60E3}.Release|x64.Build.0 = Release|x64
	EndGlobalSection
	GlobalSection(SolutionProperties) = preSolution
		HideSolutionNode = FALSE
	EndGlobalSection
	GlobalSection(NestedProjects) = preSolution
		{331D7654-E44D-4A4E-A025-62E101B216DB} = {8DC1C9C9-E7E5-441B-9A9E-B0A94DD97502}
		{F15E8B02-6023-4EE0-BDCB-FC84B40E60E3} = {CA868038-9B20-44F4-A682-2BE18F9D81AC}
	EndGlobalSection
EndGlobal
