
Microsoft Visual Studio Solution File, Format Version 12.00
# Visual Studio 2013
VisualStudioVersion = 12.0
MinimumVisualStudioVersion = 12.0
Project("{2150E333-8FDC-42A3-9474-1A3956D46DE8}") = "Dirs-Package", "Dirs-Package", "{C20B0B18-1302-4D6A-98CD-DCA5A3F98772}"
EndProject
Project("{2150E333-8FDC-42A3-9474-1A3956D46DE8}") = "Client", "Client", "{51D8617B-4C18-4FA3-A372-7C6AFBF59C8F}"
EndProject
Project("{2150E333-8FDC-42A3-9474-1A3956D46DE8}") = "Controller", "Controller", "{19EDC9CB-5C31-43ED-A861-3E2079CCF2B4}"
EndProject
Project("{2150E333-8FDC-42A3-9474-1A3956D46DE8}") = "Test", "Test", "{9FE13C4E-3408-41DA-94AB-A4738C8FFBA2}"
EndProject
Project("{2150E333-8FDC-42A3-9474-1A3956D46DE8}") = "Sys", "Sys", "{0470B96A-8DC7-4093-AF38-BE872B8C520F}"
EndProject
Project("{2150E333-8FDC-42A3-9474-1A3956D46DE8}") = "Hidmapper", "Hidmapper", "{C0561E6C-C517-4621-8350-5495A62AF4A6}"
EndProject
Project("{8BC9CEB8-8B4A-11D0-8D11-00A0C91BC942}") = "dirs-Package", "dirs-Package\dirs-Package.vcxproj", "{525CF3B9-8605-4E09-9320-1BC474C75B1E}"
EndProject
Project("{8BC9CEB8-8B4A-11D0-8D11-00A0C91BC942}") = "vmulticlient", "client\vmulticlient.vcxproj", "{331D7654-E44D-4A4E-A025-62E101B216DB}"
EndProject
Project("{8BC9CEB8-8B4A-11D0-8D11-00A0C91BC942}") = "controlvmulti", "controller\controlvmulti.vcxproj", "{F15E8B02-6023-4EE0-BDCB-FC84B40E60E3}"
	ProjectSection(ProjectDependencies) = postProject
		{331D7654-E44D-4A4E-A025-62E101B216DB} = {331D7654-E44D-4A4E-A025-62E101B216DB}
	EndProjectSection
EndProject
Project("{8BC9CEB8-8B4A-11D0-8D11-00A0C91BC942}") = "testvmulti", "test\testvmulti.vcxproj", "{2956FDA7-BBAD-4CFC-A0CE-B0A6B73A20B7}"
	ProjectSection(ProjectDependencies) = postProject
		{331D7654-E44D-4A4E-A025-62E101B216DB} = {331D7654-E44D-4A4E-A025-62E101B216DB}
	EndProjectSection
EndProject
Project("{8BC9CEB8-8B4A-11D0-8D11-00A0C91BC942}") = "vmulti", "sys\vmulti.vcxproj", "{D0A61BB9-3D28-4223-BE3B-3EF4B6587463}"
EndProject
Project("{8BC9CEB8-8B4A-11D0-8D11-00A0C91BC942}") = "hidkmdf", "hidmapper\hidkmdf.vcxproj", "{79965141-6503-442B-9E27-AB04D7FBA2C4}"
EndProject
Global
	GlobalSection(SolutionConfigurationPlatforms) = preSolution
		Debug|Win32 = Debug|Win32
		Release|Win32 = Release|Win32
		Debug|x64 = Debug|x64
		Release|x64 = Release|x64
	EndGlobalSection
	GlobalSection(ProjectConfigurationPlatforms) = postSolution
		{525CF3B9-8605-4E09-9320-1BC474C75B1E}.Debug|Win32.ActiveCfg = Debug|Win32
		{525CF3B9-8605-4E09-9320-1BC474C75B1E}.Debug|Win32.Build.0 = Debug|Win32
		{525CF3B9-8605-4E09-9320-1BC474C75B1E}.Release|Win32.ActiveCfg = Release|Win32
		{525CF3B9-8605-4E09-9320-1BC474C75B1E}.Release|Win32.Build.0 = Release|Win32
		{525CF3B9-8605-4E09-9320-1BC474C75B1E}.Debug|x64.ActiveCfg = Debug|x64
		{525CF3B9-8605-4E09-9320-1BC474C75B1E}.Debug|x64.Build.0 = Debug|x64
		{525CF3B9-8605-4E09-9320-1BC474C75B1E}.Release|x64.ActiveCfg = Release|x64
		{525CF3B9-8605-4E09-9320-1BC474C75B1E}.Release|x64.Build.0 = Release|x64
		{331D7654-E44D-4A4E-A025-62E101B216DB}.Debug|Win32.ActiveCfg = Debug|Win32
		{331D7654-E44D-4A4E-A025-62E101B216DB}.Debug|Win32.Build.0 = Debug|Win32
		{331D7654-E44D-4A4E-A025-62E101B216DB}.Release|Win32.ActiveCfg = Release|Win32
		{331D7654-E44D-4A4E-A025-62E101B216DB}.Release|Win32.Build.0 = Release|Win32
		{331D7654-E44D-4A4E-A025-62E101B216DB}.Debug|x64.ActiveCfg = Debug|x64
		{331D7654-E44D-4A4E-A025-62E101B216DB}.Debug|x64.Build.0 = Debug|x64
		{331D7654-E44D-4A4E-A025-62E101B216DB}.Release|x64.ActiveCfg = Release|x64
		{331D7654-E44D-4A4E-A025-62E101B216DB}.Release|x64.Build.0 = Release|x64
		{F15E8B02-6023-4EE0-BDCB-FC84B40E60E3}.Debug|Win32.ActiveCfg = Debug|Win32
		{F15E8B02-6023-4EE0-BDCB-FC84B40E60E3}.Debug|Win32.Build.0 = Debug|Win32
		{F15E8B02-6023-4EE0-BDCB-FC84B40E60E3}.Release|Win32.ActiveCfg = Release|Win32
		{F15E8B02-6023-4EE0-BDCB-FC84B40E60E3}.Release|Win32.Build.0 = Release|Win32
		{F15E8B02-6023-4EE0-BDCB-FC84B40E60E3}.Debug|x64.ActiveCfg = Debug|x64
		{F15E8B02-6023-4EE0-BDCB-FC84B40E60E3}.Debug|x64.Build.0 = Debug|x64
		{F15E8B02-6023-4EE0-BDCB-FC84B40E60E3}.Release|x64.ActiveCfg = Release|x64
		{F15E8B02-6023-4EE0-BDCB-FC84B40E60E3}.Release|x64.Build.0 = Release|x64
		{2956FDA7-BBAD-4CFC-A0CE-B0A6B73A20B7}.Debug|Win32.ActiveCfg = Debug|Win32
		{2956FDA7-BBAD-4CFC-A0CE-B0A6B73A20B7}.Debug|Win32.Build.0 = Debug|Win32
		{2956FDA7-BBAD-4CFC-A0CE-B0A6B73A20B7}.Release|Win32.ActiveCfg = Release|Win32
		{2956FDA7-BBAD-4CFC-A0CE-B0A6B73A20B7}.Release|Win32.Build.0 = Release|Win32
		{2956FDA7-BBAD-4CFC-A0CE-B0A6B73A20B7}.Debug|x64.ActiveCfg = Debug|x64
		{2956FDA7-BBAD-4CFC-A0CE-B0A6B73A20B7}.Debug|x64.Build.0 = Debug|x64
		{2956FDA7-BBAD-4CFC-A0CE-B0A6B73A20B7}.Release|x64.ActiveCfg = Release|x64
		{2956FDA7-BBAD-4CFC-A0CE-B0A6B73A20B7}.Release|x64.Build.0 = Release|x64
		{D0A61BB9-3D28-4223-BE3B-3EF4B6587463}.Debug|Win32.ActiveCfg = Debug|Win32
		{D0A61BB9-3D28-4223-BE3B-3EF4B6587463}.Debug|Win32.Build.0 = Debug|Win32
		{D0A61BB9-3D28-4223-BE3B-3EF4B6587463}.Release|Win32.ActiveCfg = Release|Win32
		{D0A61BB9-3D28-4223-BE3B-3EF4B6587463}.Release|Win32.Build.0 = Release|Win32
		{D0A61BB9-3D28-4223-BE3B-3EF4B6587463}.Debug|x64.ActiveCfg = Debug|x64
		{D0A61BB9-3D28-4223-BE3B-3EF4B6587463}.Debug|x64.Build.0 = Debug|x64
		{D0A61BB9-3D28-4223-BE3B-3EF4B6587463}.Release|x64.ActiveCfg = Release|x64
		{D0A61BB9-3D28-4223-BE3B-3EF4B6587463}.Release|x64.Build.0 = Release|x64
		{79965141-6503-442B-9E27-AB04D7FBA2C4}.Debug|Win32.ActiveCfg = Debug|Win32
		{79965141-6503-442B-9E27-AB04D7FBA2C4}.Debug|Win32.Build.0 = Debug|Win32
		{79965141-6503-442B-9E27-AB04D7FBA2C4}.Release|Win32.ActiveCfg = Release|Win32
		{79965141-6503-442B-9E27-AB04D7FBA2C4}.Release|Win32.Build.0 = Release|Win32
		{79965141-6503-442B-9E27-AB04D7FBA2C4}.Debug|x64.ActiveCfg = Debug|x64
		{79965141-6503-442B-9E27-AB04D7FBA2C4}.Debug|x64.Build.0 = Debug|x64
		{79965141-6503-442B-9E27-AB04D7FBA2C4}.Release|x64.ActiveCfg = Release|x64
		{79965141-6503-442B-9E27-AB04D7FBA2C4}.Release|x64.Build.0 = Release|x64
	EndGlobalSection
	GlobalSection(SolutionProperties) = preSolution
		HideSolutionNode = FALSE
	EndGlobalSection
	GlobalSection(NestedProjects) = preSolution
		{525CF3B9-8605-4E09-9320-1BC474C75B1E} = {C20B0B18-1302-4D6A-98CD-DCA5A3F98772}
		{331D7654-E44D-4A4E-A025-62E101B216DB} = {51D8617B-4C18-4FA3-A372-7C6AFBF59C8F}
		{F15E8B02-6023-4EE0-BDCB-FC84B40E60E3} = {19EDC9CB-5C31-43ED-A861-3E2079CCF2B4}
		{2956FDA7-BBAD-4CFC-A0CE-B0A6B73A20B7} = {9FE13C4E-3408-41DA-94AB-A4738C8FFBA2}
		{D0A61BB9-3D28-4223-BE3B-3EF4B6587463} = {0470B96A-8DC7-4093-AF38-BE872B8C520F}
		{79965141-6503-442B-9E27-AB04D7FBA2C4} = {C0561E6C-C517-4621-8350-5495A62AF4A6}
	EndGlobalSection
EndGlobal
