
Microsoft Visual Studio Solution File, Format Version 12.00
# Visual Studio 2013
VisualStudioVersion = 12.0
MinimumVisualStudioVersion = 12.0
Project("{2150E333-8FDC-42A3-9474-1A3956D46DE8}") = "Client", "Client", "{2AA7192F-749F-4C6F-A981-CE44C258C140}"
EndProject
Project("{2150E333-8FDC-42A3-9474-1A3956D46DE8}") = "Test", "Test", "{F3C5AB29-113F-4305-AE1E-3461E25C3DBD}"
EndProject
Project("{8BC9CEB8-8B4A-11D0-8D11-00A0C91BC942}") = "vmulticlient", "..\client\vmulticlient.vcxproj", "{331D7654-E44D-4A4E-A025-62E101B216DB}"
EndProject
Project("{8BC9CEB8-8B4A-11D0-8D11-00A0C91BC942}") = "testvmulti", "testvmulti.vcxproj", "{2956FDA7-BBAD-4CFC-A0CE-B0A6B73A20B7}"
	ProjectSection(ProjectDependencies) = postProject
		{331D7654-E44D-4A4E-A025-62E101B216DB} = {331D7654-E44D-4A4E-A025-62E101B216DB}
	EndProjectSection
EndProject
Global
	GlobalSection(SolutionConfigurationPlatforms) = preSolution
		Debug|Win32 = Debug|Win32
		Release|Win32 = Release|Win32
		Debug|x64 = Debug|x64
		Release|x64 = Release|x64
	EndGlobalSection
	GlobalSection(ProjectConfigurationPlatforms) = postSolution
		{331D7654-E44D-4A4E-A025-62E101B216DB}.Debug|Win32.ActiveCfg = Debug|Win32
		{331D7654-E44D-4A4E-A025-62E101B216DB}.Debug|Win32.Build.0 = Debug|Win32
		{331D7654-E44D-4A4E-A025-62E101B216DB}.Release|Win32.ActiveCfg = Release|Win32
		{331D7654-E44D-4A4E-A025-62E101B216DB}.Release|Win32.Build.0 = Release|Win32
		{331D7654-E44D-4A4E-A025-62E101B216DB}.Debug|x64.ActiveCfg = Debug|x64
		{331D7654-E44D-4A4E-A025-62E101B216DB}.Debug|x64.Build.0 = Debug|x64
		{331D7654-E44D-4A4E-A025-62E101B216DB}.Release|x64.ActiveCfg = Release|x64
		{331D7654-E44D-4A4E-A025-62E101B216DB}.Release|x64.Build.0 = Release|x64
		{2956FDA7-BBAD-4CFC-A0CE-B0A6B73A20B7}.Debug|Win32.ActiveCfg = Debug|Win32
		{2956FDA7-BBAD-4CFC-A0CE-B0A6B73A20B7}.Debug|Win32.Build.0 = Debug|Win32
		{2956FDA7-BBAD-4CFC-A0CE-B0A6B73A20B7}.Release|Win32.ActiveCfg = Release|Win32
		{2956FDA7-BBAD-4CFC-A0CE-B0A6B73A20B7}.Release|Win32.Build.0 = Release|Win32
		{2956FDA7-BBAD-4CFC-A0CE-B0A6B73A20B7}.Debug|x64.ActiveCfg = Debug|x64
		{2956FDA7-BBAD-4CFC-A0CE-B0A6B73A20B7}.Debug|x64.Build.0 = Debug|x64
		{2956FDA7-BBAD-4CFC-A0CE-B0A6B73A20B7}.Release|x64.ActiveCfg = Release|x64
		{2956FDA7-BBAD-4CFC-A0CE-B0A6B73A20B7}.Release|x64.Build.0 = Release|x64
	EndGlobalSection
	GlobalSection(SolutionProperties) = preSolution
		HideSolutionNode = FALSE
	EndGlobalSection
	GlobalSection(NestedProjects) = preSolution
		{331D7654-E44D-4A4E-A025-62E101B216DB} = {2AA7192F-749F-4C6F-A981-CE44C258C140}
		{2956FDA7-BBAD-4CFC-A0CE-B0A6B73A20B7} = {F3C5AB29-113F-4305-AE1E-3461E25C3DBD}
	EndGlobalSection
EndGlobal
